
Microsoft Visual Studio Solution File, Format Version 12.00
# Visual Studio Version 17
VisualStudioVersion = 17.10.34916.146
MinimumVisualStudioVersion = 10.0.40219.1
Project("{FAE04EC0-301F-11D3-BF4B-00C04F79EFBC}") = "MiProyecto1", "MiProyecto1\MiProyecto1.csproj", "{11DE1BB4-F7B7-4A91-917E-087BD546438B}"
EndProject
Global
	GlobalSection(SolutionConfigurationPlatforms) = preSolution
		Debug|Any CPU = Debug|Any CPU
		Release|Any CPU = Release|Any CPU
	EndGlobalSection
	GlobalSection(ProjectConfigurationPlatforms) = postSolution
		{11DE1BB4-F7B7-4A91-917E-087BD546438B}.Debug|Any CPU.ActiveCfg = Debug|Any CPU
		{11DE1BB4-F7B7-4A91-917E-087BD546438B}.Debug|Any CPU.Build.0 = Debug|Any CPU
		{11DE1BB4-F7B7-4A91-917E-087BD546438B}.Release|Any CPU.ActiveCfg = Release|Any CPU
		{11DE1BB4-F7B7-4A91-917E-087BD546438B}.Release|Any CPU.Build.0 = Release|Any CPU
	EndGlobalSection
	GlobalSection(SolutionProperties) = preSolution
		HideSolutionNode = FALSE
	EndGlobalSection
	GlobalSection(ExtensibilityGlobals) = postSolution
		SolutionGuid = {15CE36E0-6716-4567-AF88-931645662EB1}
	EndGlobalSection
EndGlobal
